// !$*UTF8*$!
{
	archiveVersion = 1;
	classes = {
	};
	objectVersion = 46;
	objects = {

/* Begin PBXBuildFile section */
		D199C98E1CB128DC0070DA35 /* AppDelegate.swift in Sources */ = {isa = PBXBuildFile; fileRef = D199C98D1CB128DC0070DA35 /* AppDelegate.swift */; };
		D199C9901CB128DC0070DA35 /* ViewController.swift in Sources */ = {isa = PBXBuildFile; fileRef = D199C98F1CB128DC0070DA35 /* ViewController.swift */; };
		D199C9931CB128DC0070DA35 /* Main.storyboard in Resources */ = {isa = PBXBuildFile; fileRef = D199C9911CB128DC0070DA35 /* Main.storyboard */; };
		D199C9951CB128DC0070DA35 /* Assets.xcassets in Resources */ = {isa = PBXBuildFile; fileRef = D199C9941CB128DC0070DA35 /* Assets.xcassets */; };
		D199C9981CB128DC0070DA35 /* LaunchScreen.storyboard in Resources */ = {isa = PBXBuildFile; fileRef = D199C9961CB128DC0070DA35 /* LaunchScreen.storyboard */; };
/* End PBXBuildFile section */

/* Begin PBXFileReference section */
		D199C98A1CB128DC0070DA35 /* Orientations.app */ = {isa = PBXFileReference; explicitFileType = wrapper.application; includeInIndex = 0; path = Orientations.app; sourceTree = BUILT_PRODUCTS_DIR; };
		D199C98D1CB128DC0070DA35 /* AppDelegate.swift */ = {isa = PBXFileReference; lastKnownFileType = sourcecode.swift; path = AppDelegate.swift; sourceTree = "<group>"; };
		D199C98F1CB128DC0070DA35 /* ViewController.swift */ = {isa = PBXFileReference; lastKnownFileType = sourcecode.swift; path = ViewController.swift; sourceTree = "<group>"; };
		D199C9921CB128DC0070DA35 /* Base */ = {isa = PBXFileReference; lastKnownFileType = file.storyboard; name = Base; path = Base.lproj/Main.storyboard; sourceTree = "<group>"; };
		D199C9941CB128DC0070DA35 /* Assets.xcassets */ = {isa = PBXFileReference; lastKnownFileType = folder.assetcatalog; path = Assets.xcassets; sourceTree = "<group>"; };
		D199C9971CB128DC0070DA35 /* Base */ = {isa = PBXFileReference; lastKnownFileType = file.storyboard; name = Base; path = Base.lproj/LaunchScreen.storyboard; sourceTree = "<group>"; };
		D199C9991CB128DC0070DA35 /* Info.plist */ = {isa = PBXFileReference; lastKnownFileType = text.plist.xml; path = Info.plist; sourceTree = "<group>"; };
/* End PBXFileReference section */

/* Begin PBXFrameworksBuildPhase section */
		D199C9871CB128DC0070DA35 /* Frameworks */ = {
			isa = PBXFrameworksBuildPhase;
			buildActionMask = 2147483647;
			files = (
			);
			runOnlyForDeploymentPostprocessing = 0;
		};
/* End PBXFrameworksBuildPhase section */

/* Begin PBXGroup section */
		D199C9811CB128DC0070DA35 = {
			isa = PBXGroup;
			children = (
				D199C98C1CB128DC0070DA35 /* Orientations */,
				D199C98B1CB128DC0070DA35 /* Products */,
			);
			sourceTree = "<group>";
		};
		D199C98B1CB128DC0070DA35 /* Products */ = {
			isa = PBXGroup;
			children = (
				D199C98A1CB128DC0070DA35 /* Orientations.app */,
			);
			name = Products;
			sourceTree = "<group>";
		};
		D199C98C1CB128DC0070DA35 /* Orientations */ = {
			isa = PBXGroup;
			children = (
				D199C98D1CB128DC0070DA35 /* AppDelegate.swift */,
				D199C98F1CB128DC0070DA35 /* ViewController.swift */,
				D199C9911CB128DC0070DA35 /* Main.storyboard */,
				D199C9941CB128DC0070DA35 /* Assets.xcassets */,
				D199C9961CB128DC0070DA35 /* LaunchScreen.storyboard */,
				D199C9991CB128DC0070DA35 /* Info.plist */,
			);
			path = Orientations;
			sourceTree = "<group>";
		};
/* End PBXGroup section */

/* Begin PBXNativeTarget section */
		D199C9891CB128DC0070DA35 /* Orientations */ = {
			isa = PBXNativeTarget;
			buildConfigurationList = D199C99C1CB128DC0070DA35 /* Build configuration list for PBXNativeTarget "Orientations" */;
			buildPhases = (
				D199C9861CB128DC0070DA35 /* Sources */,
				D199C9871CB128DC0070DA35 /* Frameworks */,
				D199C9881CB128DC0070DA35 /* Resources */,
			);
			buildRules = (
			);
			dependencies = (
			);
			name = Orientations;
			productName = Orientations;
			productReference = D199C98A1CB128DC0070DA35 /* Orientations.app */;
			productType = "com.apple.product-type.application";
		};
/* End PBXNativeTarget section */

/* Begin PBXProject section */
		D199C9821CB128DC0070DA35 /* Project object */ = {
			isa = PBXProject;
			attributes = {
				LastSwiftUpdateCheck = 0730;
				LastUpgradeCheck = 0730;
				ORGANIZATIONNAME = daichao;
				TargetAttributes = {
					D199C9891CB128DC0070DA35 = {
						CreatedOnToolsVersion = 7.3;
						DevelopmentTeam = SQ4976HFE4;
					};
				};
			};
			buildConfigurationList = D199C9851CB128DC0070DA35 /* Build configuration list for PBXProject "Orientations" */;
			compatibilityVersion = "Xcode 3.2";
			developmentRegion = English;
			hasScannedForEncodings = 0;
			knownRegions = (
				en,
				Base,
			);
			mainGroup = D199C9811CB128DC0070DA35;
			productRefGroup = D199C98B1CB128DC0070DA35 /* Products */;
			projectDirPath = "";
			projectRoot = "";
			targets = (
				D199C9891CB128DC0070DA35 /* Orientations */,
			);
		};
/* End PBXProject section */

/* Begin PBXResourcesBuildPhase section */
		D199C9881CB128DC0070DA35 /* Resources */ = {
			isa = PBXResourcesBuildPhase;
			buildActionMask = 2147483647;
			files = (
				D199C9981CB128DC0070DA35 /* LaunchScreen.storyboard in Resources */,
				D199C9951CB128DC0070DA35 /* Assets.xcassets in Resources */,
				D199C9931CB128DC0070DA35 /* Main.storyboard in Resources */,
			);
			runOnlyForDeploymentPostprocessing = 0;
		};
/* End PBXResourcesBuildPhase section */

/* Begin PBXSourcesBuildPhase section */
		D199C9861CB128DC0070DA35 /* Sources */ = {
			isa = PBXSourcesBuildPhase;
			buildActionMask = 2147483647;
			files = (
				D199C9901CB128DC0070DA35 /* ViewController.swift in Sources */,
				D199C98E1CB128DC0070DA35 /* AppDelegate.swift in Sources */,
			);
			runOnlyForDeploymentPostprocessing = 0;
		};
/* End PBXSourcesBuildPhase section */

/* Begin PBXVariantGroup section */
		D199C9911CB128DC0070DA35 /* Main.storyboard */ = {
			isa = PBXVariantGroup;
			children = (
				D199C9921CB128DC0070DA35 /* Base */,
			);
			name = Main.storyboard;
			sourceTree = "<group>";
		};
		D199C9961CB128DC0070DA35 /* LaunchScreen.storyboard */ = {
			isa = PBXVariantGroup;
			children = (
				D199C9971CB128DC0070DA35 /* Base */,
			);
			name = LaunchScreen.storyboard;
			sourceTree = "<group>";
		};
/* End PBXVariantGroup section */

/* Begin XCBuildConfiguration section */
		D199C99A1CB128DC0070DA35 /* Debug */ = {
			isa = XCBuildConfiguration;
			buildSettings = {
				ALWAYS_SEARCH_USER_PATHS = NO;
				CLANG_ANALYZER_NONNULL = YES;
				CLANG_CXX_LANGUAGE_STANDARD = "gnu++0x";
				CLANG_CXX_LIBRARY = "libc++";
				CLANG_ENABLE_MODULES = YES;
				CLANG_ENABLE_OBJC_ARC = YES;
				CLANG_WARN_BOOL_CONVERSION = YES;
				CLANG_WARN_CONSTANT_CONVERSION = YES;
				CLANG_WARN_DIRECT_OBJC_ISA_USAGE = YES_ERROR;
				CLANG_WARN_EMPTY_BODY = YES;
				CLANG_WARN_ENUM_CONVERSION = YES;
				CLANG_WARN_INT_CONVERSION = YES;
				CLANG_WARN_OBJC_ROOT_CLASS = YES_ERROR;
				CLANG_WARN_UNREACHABLE_CODE = YES;
				CLANG_WARN__DUPLICATE_METHOD_MATCH = YES;
				"CODE_SIGN_IDENTITY[sdk=iphoneos*]" = "iPhone Developer";
				COPY_PHASE_STRIP = NO;
				DEBUG_INFORMATION_FORMAT = dwarf;
				ENABLE_STRICT_OBJC_MSGSEND = YES;
				ENABLE_TESTABILITY = YES;
				GCC_C_LANGUAGE_STANDARD = gnu99;
				GCC_DYNAMIC_NO_PIC = NO;
				GCC_NO_COMMON_BLOCKS = YES;
				GCC_OPTIMIZATION_LEVEL = 0;
				GCC_PREPROCESSOR_DEFINITIONS = (
					"DEBUG=1",
					"$(inherited)",
				);
				GCC_WARN_64_TO_32_BIT_CONVERSION = YES;
				GCC_WARN_ABOUT_RETURN_TYPE = YES_ERROR;
				GCC_WARN_UNDECLARED_SELECTOR = YES;
				GCC_WARN_UNINITIALIZED_AUTOS = YES_AGGRESSIVE;
				GCC_WARN_UNUSED_FUNCTION = YES;
				GCC_WARN_UNUSED_VARIABLE = YES;
				IPHONEOS_DEPLOYMENT_TARGET = 9.3;
				MTL_ENABLE_DEBUG_INFO = YES;
				ONLY_ACTIVE_ARCH = YES;
				SDKROOT = iphoneos;
				SWIFT_OPTIMIZATION_LEVEL = "-Onone";
				TARGETED_DEVICE_FAMILY = "1,2";
			};
			name = Debug;
		};
		D199C99B1CB128DC0070DA35 /* Release */ = {
			isa = XCBuildConfiguration;
			buildSettings = {
				ALWAYS_SEARCH_USER_PATHS = NO;
				CLANG_ANALYZER_NONNULL = YES;
				CLANG_CXX_LANGUAGE_STANDARD = "gnu++0x";
				CLANG_CXX_LIBRARY = "libc++";
				CLANG_ENABLE_MODULES = YES;
				CLANG_ENABLE_OBJC_ARC = YES;
				CLANG_WARN_BOOL_CONVERSION = YES;
				CLANG_WARN_CONSTANT_CONVERSION = YES;
				CLANG_WARN_DIRECT_OBJC_ISA_USAGE = YES_ERROR;
				CLANG_WARN_EMPTY_BODY = YES;
				CLANG_WARN_ENUM_CONVERSION = YES;
				CLANG_WARN_INT_CONVERSION = YES;
				CLANG_WARN_OBJC_ROOT_CLASS = YES_ERROR;
				CLANG_WARN_UNREACHABLE_CODE = YES;
				CLANG_WARN__DUPLICATE_METHOD_MATCH = YES;
				"CODE_SIGN_IDENTITY[sdk=iphoneos*]" = "iPhone Developer";
				COPY_PHASE_STRIP = NO;
				DEBUG_INFORMATION_FORMAT = "dwarf-with-dsym";
				ENABLE_NS_ASSERTIONS = NO;
				ENABLE_STRICT_OBJC_MSGSEND = YES;
				GCC_C_LANGUAGE_STANDARD = gnu99;
				GCC_NO_COMMON_BLOCKS = YES;
				GCC_WARN_64_TO_32_BIT_CONVERSION = YES;
				GCC_WARN_ABOUT_RETURN_TYPE = YES_ERROR;
				GCC_WARN_UNDECLARED_SELECTOR = YES;
				GCC_WARN_UNINITIALIZED_AUTOS = YES_AGGRESSIVE;
				GCC_WARN_UNUSED_FUNCTION = YES;
				GCC_WARN_UNUSED_VARIABLE = YES;
				IPHONEOS_DEPLOYMENT_TARGET = 9.3;
				MTL_ENABLE_DEBUG_INFO = NO;
				SDKROOT = iphoneos;
				TARGETED_DEVICE_FAMILY = "1,2";
				VALIDATE_PRODUCT = YES;
			};
			name = Release;
		};
		D199C99D1CB128DC0070DA35 /* Debug */ = {
			isa = XCBuildConfiguration;
			buildSettings = {
				ASSETCATALOG_COMPILER_APPICON_NAME = AppIcon;
				CODE_SIGN_IDENTITY = "iPhone Developer";
				INFOPLIST_FILE = Orientations/Info.plist;
				LD_RUNPATH_SEARCH_PATHS = "$(inherited) @executable_path/Frameworks";
				PRODUCT_BUNDLE_IDENTIFIER = com.daichao.Orientations;
				PRODUCT_NAME = "$(TARGET_NAME)";
			};
			name = Debug;
		};
		D199C99E1CB128DC0070DA35 /* Release */ = {
			isa = XCBuildConfiguration;
			buildSettings = {
				ASSETCATALOG_COMPILER_APPICON_NAME = AppIcon;
				CODE_SIGN_IDENTITY = "iPhone Developer";
				INFOPLIST_FILE = Orientations/Info.plist;
				LD_RUNPATH_SEARCH_PATHS = "$(inherited) @executable_path/Frameworks";
				PRODUCT_BUNDLE_IDENTIFIER = com.daichao.Orientations;
				PRODUCT_NAME = "$(TARGET_NAME)";
			};
			name = Release;
		};
/* End XCBuildConfiguration section */

/* Begin XCConfigurationList section */
		D199C9851CB128DC0070DA35 /* Build configuration list for PBXProject "Orientations" */ = {
			isa = XCConfigurationList;
			buildConfigurations = (
				D199C99A1CB128DC0070DA35 /* Debug */,
				D199C99B1CB128DC0070DA35 /* Release */,
			);
			defaultConfigurationIsVisible = 0;
			defaultConfigurationName = Release;
		};
		D199C99C1CB128DC0070DA35 /* Build configuration list for PBXNativeTarget "Orientations" */ = {
			isa = XCConfigurationList;
			buildConfigurations = (
				D199C99D1CB128DC0070DA35 /* Debug */,
				D199C99E1CB128DC0070DA35 /* Release */,
			);
			defaultConfigurationIsVisible = 0;
			defaultConfigurationName = Release;
		};
/* End XCConfigurationList section */
	};
	rootObject = D199C9821CB128DC0070DA35 /* Project object */;
}
