// !$*UTF8*$!
{
	archiveVersion = 1;
	classes = {
	};
	objectVersion = 46;
	objects = {

/* Begin PBXBuildFile section */
		D10E1E2C1CB56976006D4FAF /* AppDelegate.swift in Sources */ = {isa = PBXBuildFile; fileRef = D10E1E2B1CB56976006D4FAF /* AppDelegate.swift */; };
		D10E1E2E1CB56976006D4FAF /* ViewController.swift in Sources */ = {isa = PBXBuildFile; fileRef = D10E1E2D1CB56976006D4FAF /* ViewController.swift */; };
		D10E1E311CB56976006D4FAF /* Main.storyboard in Resources */ = {isa = PBXBuildFile; fileRef = D10E1E2F1CB56976006D4FAF /* Main.storyboard */; };
		D10E1E331CB56976006D4FAF /* Assets.xcassets in Resources */ = {isa = PBXBuildFile; fileRef = D10E1E321CB56976006D4FAF /* Assets.xcassets */; };
		D10E1E361CB56976006D4FAF /* LaunchScreen.storyboard in Resources */ = {isa = PBXBuildFile; fileRef = D10E1E341CB56976006D4FAF /* LaunchScreen.storyboard */; };
/* End PBXBuildFile section */

/* Begin PBXFileReference section */
		D10E1E281CB56976006D4FAF /* View Switcher.app */ = {isa = PBXFileReference; explicitFileType = wrapper.application; includeInIndex = 0; path = "View Switcher.app"; sourceTree = BUILT_PRODUCTS_DIR; };
		D10E1E2B1CB56976006D4FAF /* AppDelegate.swift */ = {isa = PBXFileReference; lastKnownFileType = sourcecode.swift; path = AppDelegate.swift; sourceTree = "<group>"; };
		D10E1E2D1CB56976006D4FAF /* ViewController.swift */ = {isa = PBXFileReference; lastKnownFileType = sourcecode.swift; path = ViewController.swift; sourceTree = "<group>"; };
		D10E1E301CB56976006D4FAF /* Base */ = {isa = PBXFileReference; lastKnownFileType = file.storyboard; name = Base; path = Base.lproj/Main.storyboard; sourceTree = "<group>"; };
		D10E1E321CB56976006D4FAF /* Assets.xcassets */ = {isa = PBXFileReference; lastKnownFileType = folder.assetcatalog; path = Assets.xcassets; sourceTree = "<group>"; };
		D10E1E351CB56976006D4FAF /* Base */ = {isa = PBXFileReference; lastKnownFileType = file.storyboard; name = Base; path = Base.lproj/LaunchScreen.storyboard; sourceTree = "<group>"; };
		D10E1E371CB56976006D4FAF /* Info.plist */ = {isa = PBXFileReference; lastKnownFileType = text.plist.xml; path = Info.plist; sourceTree = "<group>"; };
/* End PBXFileReference section */

/* Begin PBXFrameworksBuildPhase section */
		D10E1E251CB56976006D4FAF /* Frameworks */ = {
			isa = PBXFrameworksBuildPhase;
			buildActionMask = 2147483647;
			files = (
			);
			runOnlyForDeploymentPostprocessing = 0;
		};
/* End PBXFrameworksBuildPhase section */

/* Begin PBXGroup section */
		D10E1E1F1CB56976006D4FAF = {
			isa = PBXGroup;
			children = (
				D10E1E2A1CB56976006D4FAF /* View Switcher */,
				D10E1E291CB56976006D4FAF /* Products */,
			);
			sourceTree = "<group>";
		};
		D10E1E291CB56976006D4FAF /* Products */ = {
			isa = PBXGroup;
			children = (
				D10E1E281CB56976006D4FAF /* View Switcher.app */,
			);
			name = Products;
			sourceTree = "<group>";
		};
		D10E1E2A1CB56976006D4FAF /* View Switcher */ = {
			isa = PBXGroup;
			children = (
				D10E1E2B1CB56976006D4FAF /* AppDelegate.swift */,
				D10E1E2D1CB56976006D4FAF /* ViewController.swift */,
				D10E1E2F1CB56976006D4FAF /* Main.storyboard */,
				D10E1E321CB56976006D4FAF /* Assets.xcassets */,
				D10E1E341CB56976006D4FAF /* LaunchScreen.storyboard */,
				D10E1E371CB56976006D4FAF /* Info.plist */,
			);
			path = "View Switcher";
			sourceTree = "<group>";
		};
/* End PBXGroup section */

/* Begin PBXNativeTarget section */
		D10E1E271CB56976006D4FAF /* View Switcher */ = {
			isa = PBXNativeTarget;
			buildConfigurationList = D10E1E3A1CB56976006D4FAF /* Build configuration list for PBXNativeTarget "View Switcher" */;
			buildPhases = (
				D10E1E241CB56976006D4FAF /* Sources */,
				D10E1E251CB56976006D4FAF /* Frameworks */,
				D10E1E261CB56976006D4FAF /* Resources */,
			);
			buildRules = (
			);
			dependencies = (
			);
			name = "View Switcher";
			productName = "View Switcher";
			productReference = D10E1E281CB56976006D4FAF /* View Switcher.app */;
			productType = "com.apple.product-type.application";
		};
/* End PBXNativeTarget section */

/* Begin PBXProject section */
		D10E1E201CB56976006D4FAF /* Project object */ = {
			isa = PBXProject;
			attributes = {
				LastSwiftUpdateCheck = 0730;
				LastUpgradeCheck = 0730;
				ORGANIZATIONNAME = daichao;
				TargetAttributes = {
					D10E1E271CB56976006D4FAF = {
						CreatedOnToolsVersion = 7.3;
					};
				};
			};
			buildConfigurationList = D10E1E231CB56976006D4FAF /* Build configuration list for PBXProject "View Switcher" */;
			compatibilityVersion = "Xcode 3.2";
			developmentRegion = English;
			hasScannedForEncodings = 0;
			knownRegions = (
				en,
				Base,
			);
			mainGroup = D10E1E1F1CB56976006D4FAF;
			productRefGroup = D10E1E291CB56976006D4FAF /* Products */;
			projectDirPath = "";
			projectRoot = "";
			targets = (
				D10E1E271CB56976006D4FAF /* View Switcher */,
			);
		};
/* End PBXProject section */

/* Begin PBXResourcesBuildPhase section */
		D10E1E261CB56976006D4FAF /* Resources */ = {
			isa = PBXResourcesBuildPhase;
			buildActionMask = 2147483647;
			files = (
				D10E1E361CB56976006D4FAF /* LaunchScreen.storyboard in Resources */,
				D10E1E331CB56976006D4FAF /* Assets.xcassets in Resources */,
				D10E1E311CB56976006D4FAF /* Main.storyboard in Resources */,
			);
			runOnlyForDeploymentPostprocessing = 0;
		};
/* End PBXResourcesBuildPhase section */

/* Begin PBXSourcesBuildPhase section */
		D10E1E241CB56976006D4FAF /* Sources */ = {
			isa = PBXSourcesBuildPhase;
			buildActionMask = 2147483647;
			files = (
				D10E1E2E1CB56976006D4FAF /* ViewController.swift in Sources */,
				D10E1E2C1CB56976006D4FAF /* AppDelegate.swift in Sources */,
			);
			runOnlyForDeploymentPostprocessing = 0;
		};
/* End PBXSourcesBuildPhase section */

/* Begin PBXVariantGroup section */
		D10E1E2F1CB56976006D4FAF /* Main.storyboard */ = {
			isa = PBXVariantGroup;
			children = (
				D10E1E301CB56976006D4FAF /* Base */,
			);
			name = Main.storyboard;
			sourceTree = "<group>";
		};
		D10E1E341CB56976006D4FAF /* LaunchScreen.storyboard */ = {
			isa = PBXVariantGroup;
			children = (
				D10E1E351CB56976006D4FAF /* Base */,
			);
			name = LaunchScreen.storyboard;
			sourceTree = "<group>";
		};
/* End PBXVariantGroup section */

/* Begin XCBuildConfiguration section */
		D10E1E381CB56976006D4FAF /* Debug */ = {
			isa = XCBuildConfiguration;
			buildSettings = {
				ALWAYS_SEARCH_USER_PATHS = NO;
				CLANG_ANALYZER_NONNULL = YES;
				CLANG_CXX_LANGUAGE_STANDARD = "gnu++0x";
				CLANG_CXX_LIBRARY = "libc++";
				CLANG_ENABLE_MODULES = YES;
				CLANG_ENABLE_OBJC_ARC = YES;
				CLANG_WARN_BOOL_CONVERSION = YES;
				CLANG_WARN_CONSTANT_CONVERSION = YES;
				CLANG_WARN_DIRECT_OBJC_ISA_USAGE = YES_ERROR;
				CLANG_WARN_EMPTY_BODY = YES;
				CLANG_WARN_ENUM_CONVERSION = YES;
				CLANG_WARN_INT_CONVERSION = YES;
				CLANG_WARN_OBJC_ROOT_CLASS = YES_ERROR;
				CLANG_WARN_UNREACHABLE_CODE = YES;
				CLANG_WARN__DUPLICATE_METHOD_MATCH = YES;
				"CODE_SIGN_IDENTITY[sdk=iphoneos*]" = "iPhone Developer";
				COPY_PHASE_STRIP = NO;
				DEBUG_INFORMATION_FORMAT = dwarf;
				ENABLE_STRICT_OBJC_MSGSEND = YES;
				ENABLE_TESTABILITY = YES;
				GCC_C_LANGUAGE_STANDARD = gnu99;
				GCC_DYNAMIC_NO_PIC = NO;
				GCC_NO_COMMON_BLOCKS = YES;
				GCC_OPTIMIZATION_LEVEL = 0;
				GCC_PREPROCESSOR_DEFINITIONS = (
					"DEBUG=1",
					"$(inherited)",
				);
				GCC_WARN_64_TO_32_BIT_CONVERSION = YES;
				GCC_WARN_ABOUT_RETURN_TYPE = YES_ERROR;
				GCC_WARN_UNDECLARED_SELECTOR = YES;
				GCC_WARN_UNINITIALIZED_AUTOS = YES_AGGRESSIVE;
				GCC_WARN_UNUSED_FUNCTION = YES;
				GCC_WARN_UNUSED_VARIABLE = YES;
				IPHONEOS_DEPLOYMENT_TARGET = 9.3;
				MTL_ENABLE_DEBUG_INFO = YES;
				ONLY_ACTIVE_ARCH = YES;
				SDKROOT = iphoneos;
				SWIFT_OPTIMIZATION_LEVEL = "-Onone";
				TARGETED_DEVICE_FAMILY = "1,2";
			};
			name = Debug;
		};
		D10E1E391CB56976006D4FAF /* Release */ = {
			isa = XCBuildConfiguration;
			buildSettings = {
				ALWAYS_SEARCH_USER_PATHS = NO;
				CLANG_ANALYZER_NONNULL = YES;
				CLANG_CXX_LANGUAGE_STANDARD = "gnu++0x";
				CLANG_CXX_LIBRARY = "libc++";
				CLANG_ENABLE_MODULES = YES;
				CLANG_ENABLE_OBJC_ARC = YES;
				CLANG_WARN_BOOL_CONVERSION = YES;
				CLANG_WARN_CONSTANT_CONVERSION = YES;
				CLANG_WARN_DIRECT_OBJC_ISA_USAGE = YES_ERROR;
				CLANG_WARN_EMPTY_BODY = YES;
				CLANG_WARN_ENUM_CONVERSION = YES;
				CLANG_WARN_INT_CONVERSION = YES;
				CLANG_WARN_OBJC_ROOT_CLASS = YES_ERROR;
				CLANG_WARN_UNREACHABLE_CODE = YES;
				CLANG_WARN__DUPLICATE_METHOD_MATCH = YES;
				"CODE_SIGN_IDENTITY[sdk=iphoneos*]" = "iPhone Developer";
				COPY_PHASE_STRIP = NO;
				DEBUG_INFORMATION_FORMAT = "dwarf-with-dsym";
				ENABLE_NS_ASSERTIONS = NO;
				ENABLE_STRICT_OBJC_MSGSEND = YES;
				GCC_C_LANGUAGE_STANDARD = gnu99;
				GCC_NO_COMMON_BLOCKS = YES;
				GCC_WARN_64_TO_32_BIT_CONVERSION = YES;
				GCC_WARN_ABOUT_RETURN_TYPE = YES_ERROR;
				GCC_WARN_UNDECLARED_SELECTOR = YES;
				GCC_WARN_UNINITIALIZED_AUTOS = YES_AGGRESSIVE;
				GCC_WARN_UNUSED_FUNCTION = YES;
				GCC_WARN_UNUSED_VARIABLE = YES;
				IPHONEOS_DEPLOYMENT_TARGET = 9.3;
				MTL_ENABLE_DEBUG_INFO = NO;
				SDKROOT = iphoneos;
				TARGETED_DEVICE_FAMILY = "1,2";
				VALIDATE_PRODUCT = YES;
			};
			name = Release;
		};
		D10E1E3B1CB56976006D4FAF /* Debug */ = {
			isa = XCBuildConfiguration;
			buildSettings = {
				ASSETCATALOG_COMPILER_APPICON_NAME = AppIcon;
				INFOPLIST_FILE = "View Switcher/Info.plist";
				LD_RUNPATH_SEARCH_PATHS = "$(inherited) @executable_path/Frameworks";
				PRODUCT_BUNDLE_IDENTIFIER = "com.daichao.View-Switcher";
				PRODUCT_NAME = "$(TARGET_NAME)";
			};
			name = Debug;
		};
		D10E1E3C1CB56976006D4FAF /* Release */ = {
			isa = XCBuildConfiguration;
			buildSettings = {
				ASSETCATALOG_COMPILER_APPICON_NAME = AppIcon;
				INFOPLIST_FILE = "View Switcher/Info.plist";
				LD_RUNPATH_SEARCH_PATHS = "$(inherited) @executable_path/Frameworks";
				PRODUCT_BUNDLE_IDENTIFIER = "com.daichao.View-Switcher";
				PRODUCT_NAME = "$(TARGET_NAME)";
			};
			name = Release;
		};
/* End XCBuildConfiguration section */

/* Begin XCConfigurationList section */
		D10E1E231CB56976006D4FAF /* Build configuration list for PBXProject "View Switcher" */ = {
			isa = XCConfigurationList;
			buildConfigurations = (
				D10E1E381CB56976006D4FAF /* Debug */,
				D10E1E391CB56976006D4FAF /* Release */,
			);
			defaultConfigurationIsVisible = 0;
			defaultConfigurationName = Release;
		};
		D10E1E3A1CB56976006D4FAF /* Build configuration list for PBXNativeTarget "View Switcher" */ = {
			isa = XCConfigurationList;
			buildConfigurations = (
				D10E1E3B1CB56976006D4FAF /* Debug */,
				D10E1E3C1CB56976006D4FAF /* Release */,
			);
			defaultConfigurationIsVisible = 0;
		};
/* End XCConfigurationList section */
	};
	rootObject = D10E1E201CB56976006D4FAF /* Project object */;
}
