// !$*UTF8*$!
{
	archiveVersion = 1;
	classes = {
	};
	objectVersion = 46;
	objects = {

/* Begin PBXBuildFile section */
		D10942BC1CC3D0DE00B3E1EB /* FontInfoViewController.swift in Sources */ = {isa = PBXBuildFile; fileRef = D10942BB1CC3D0DE00B3E1EB /* FontInfoViewController.swift */; };
		D11606C41CBF2C8700C14CE4 /* FontSizesViewController.swift in Sources */ = {isa = PBXBuildFile; fileRef = D11606C31CBF2C8700C14CE4 /* FontSizesViewController.swift */; };
		D14D3AEA1CBE9F61009A2512 /* FontListViewController.swift in Sources */ = {isa = PBXBuildFile; fileRef = D14D3AE91CBE9F61009A2512 /* FontListViewController.swift */; };
		D1E1D7F71CBE24EE003BDBB4 /* AppDelegate.swift in Sources */ = {isa = PBXBuildFile; fileRef = D1E1D7F61CBE24EE003BDBB4 /* AppDelegate.swift */; };
		D1E1D7FC1CBE24EE003BDBB4 /* Main.storyboard in Resources */ = {isa = PBXBuildFile; fileRef = D1E1D7FA1CBE24EE003BDBB4 /* Main.storyboard */; };
		D1E1D7FE1CBE24EE003BDBB4 /* Assets.xcassets in Resources */ = {isa = PBXBuildFile; fileRef = D1E1D7FD1CBE24EE003BDBB4 /* Assets.xcassets */; };
		D1E1D8011CBE24EE003BDBB4 /* LaunchScreen.storyboard in Resources */ = {isa = PBXBuildFile; fileRef = D1E1D7FF1CBE24EE003BDBB4 /* LaunchScreen.storyboard */; };
		D1E1D8091CBE2608003BDBB4 /* FavoritesList.swift in Sources */ = {isa = PBXBuildFile; fileRef = D1E1D8081CBE2608003BDBB4 /* FavoritesList.swift */; };
		D1E1D80B1CBE35A7003BDBB4 /* RootViewController.swift in Sources */ = {isa = PBXBuildFile; fileRef = D1E1D80A1CBE35A7003BDBB4 /* RootViewController.swift */; };
/* End PBXBuildFile section */

/* Begin PBXFileReference section */
		D10942BB1CC3D0DE00B3E1EB /* FontInfoViewController.swift */ = {isa = PBXFileReference; fileEncoding = 4; lastKnownFileType = sourcecode.swift; path = FontInfoViewController.swift; sourceTree = "<group>"; };
		D11606C31CBF2C8700C14CE4 /* FontSizesViewController.swift */ = {isa = PBXFileReference; fileEncoding = 4; lastKnownFileType = sourcecode.swift; path = FontSizesViewController.swift; sourceTree = "<group>"; };
		D14D3AE91CBE9F61009A2512 /* FontListViewController.swift */ = {isa = PBXFileReference; fileEncoding = 4; lastKnownFileType = sourcecode.swift; path = FontListViewController.swift; sourceTree = "<group>"; };
		D1E1D7F31CBE24EE003BDBB4 /* Fonts.app */ = {isa = PBXFileReference; explicitFileType = wrapper.application; includeInIndex = 0; path = Fonts.app; sourceTree = BUILT_PRODUCTS_DIR; };
		D1E1D7F61CBE24EE003BDBB4 /* AppDelegate.swift */ = {isa = PBXFileReference; lastKnownFileType = sourcecode.swift; path = AppDelegate.swift; sourceTree = "<group>"; };
		D1E1D7FB1CBE24EE003BDBB4 /* Base */ = {isa = PBXFileReference; lastKnownFileType = file.storyboard; name = Base; path = Base.lproj/Main.storyboard; sourceTree = "<group>"; };
		D1E1D7FD1CBE24EE003BDBB4 /* Assets.xcassets */ = {isa = PBXFileReference; lastKnownFileType = folder.assetcatalog; path = Assets.xcassets; sourceTree = "<group>"; };
		D1E1D8001CBE24EE003BDBB4 /* Base */ = {isa = PBXFileReference; lastKnownFileType = file.storyboard; name = Base; path = Base.lproj/LaunchScreen.storyboard; sourceTree = "<group>"; };
		D1E1D8021CBE24EE003BDBB4 /* Info.plist */ = {isa = PBXFileReference; lastKnownFileType = text.plist.xml; path = Info.plist; sourceTree = "<group>"; };
		D1E1D8081CBE2608003BDBB4 /* FavoritesList.swift */ = {isa = PBXFileReference; fileEncoding = 4; lastKnownFileType = sourcecode.swift; path = FavoritesList.swift; sourceTree = "<group>"; };
		D1E1D80A1CBE35A7003BDBB4 /* RootViewController.swift */ = {isa = PBXFileReference; fileEncoding = 4; lastKnownFileType = sourcecode.swift; path = RootViewController.swift; sourceTree = "<group>"; };
/* End PBXFileReference section */

/* Begin PBXFrameworksBuildPhase section */
		D1E1D7F01CBE24EE003BDBB4 /* Frameworks */ = {
			isa = PBXFrameworksBuildPhase;
			buildActionMask = 2147483647;
			files = (
			);
			runOnlyForDeploymentPostprocessing = 0;
		};
/* End PBXFrameworksBuildPhase section */

/* Begin PBXGroup section */
		D1E1D7EA1CBE24EE003BDBB4 = {
			isa = PBXGroup;
			children = (
				D1E1D7F51CBE24EE003BDBB4 /* Fonts */,
				D1E1D7F41CBE24EE003BDBB4 /* Products */,
			);
			sourceTree = "<group>";
		};
		D1E1D7F41CBE24EE003BDBB4 /* Products */ = {
			isa = PBXGroup;
			children = (
				D1E1D7F31CBE24EE003BDBB4 /* Fonts.app */,
			);
			name = Products;
			sourceTree = "<group>";
		};
		D1E1D7F51CBE24EE003BDBB4 /* Fonts */ = {
			isa = PBXGroup;
			children = (
				D1E1D80A1CBE35A7003BDBB4 /* RootViewController.swift */,
				D14D3AE91CBE9F61009A2512 /* FontListViewController.swift */,
				D1E1D7F61CBE24EE003BDBB4 /* AppDelegate.swift */,
				D1E1D7FA1CBE24EE003BDBB4 /* Main.storyboard */,
				D11606C31CBF2C8700C14CE4 /* FontSizesViewController.swift */,
				D10942BB1CC3D0DE00B3E1EB /* FontInfoViewController.swift */,
				D1E1D8081CBE2608003BDBB4 /* FavoritesList.swift */,
				D1E1D7FD1CBE24EE003BDBB4 /* Assets.xcassets */,
				D1E1D7FF1CBE24EE003BDBB4 /* LaunchScreen.storyboard */,
				D1E1D8021CBE24EE003BDBB4 /* Info.plist */,
			);
			path = Fonts;
			sourceTree = "<group>";
		};
/* End PBXGroup section */

/* Begin PBXNativeTarget section */
		D1E1D7F21CBE24EE003BDBB4 /* Fonts */ = {
			isa = PBXNativeTarget;
			buildConfigurationList = D1E1D8051CBE24EE003BDBB4 /* Build configuration list for PBXNativeTarget "Fonts" */;
			buildPhases = (
				D1E1D7EF1CBE24EE003BDBB4 /* Sources */,
				D1E1D7F01CBE24EE003BDBB4 /* Frameworks */,
				D1E1D7F11CBE24EE003BDBB4 /* Resources */,
			);
			buildRules = (
			);
			dependencies = (
			);
			name = Fonts;
			productName = Fonts;
			productReference = D1E1D7F31CBE24EE003BDBB4 /* Fonts.app */;
			productType = "com.apple.product-type.application";
		};
/* End PBXNativeTarget section */

/* Begin PBXProject section */
		D1E1D7EB1CBE24EE003BDBB4 /* Project object */ = {
			isa = PBXProject;
			attributes = {
				LastSwiftUpdateCheck = 0720;
				LastUpgradeCheck = 0720;
				ORGANIZATIONNAME = "com.daichao.*";
				TargetAttributes = {
					D1E1D7F21CBE24EE003BDBB4 = {
						CreatedOnToolsVersion = 7.2;
						DevelopmentTeam = SQ4976HFE4;
					};
				};
			};
			buildConfigurationList = D1E1D7EE1CBE24EE003BDBB4 /* Build configuration list for PBXProject "Fonts" */;
			compatibilityVersion = "Xcode 3.2";
			developmentRegion = English;
			hasScannedForEncodings = 0;
			knownRegions = (
				en,
				Base,
			);
			mainGroup = D1E1D7EA1CBE24EE003BDBB4;
			productRefGroup = D1E1D7F41CBE24EE003BDBB4 /* Products */;
			projectDirPath = "";
			projectRoot = "";
			targets = (
				D1E1D7F21CBE24EE003BDBB4 /* Fonts */,
			);
		};
/* End PBXProject section */

/* Begin PBXResourcesBuildPhase section */
		D1E1D7F11CBE24EE003BDBB4 /* Resources */ = {
			isa = PBXResourcesBuildPhase;
			buildActionMask = 2147483647;
			files = (
				D1E1D8011CBE24EE003BDBB4 /* LaunchScreen.storyboard in Resources */,
				D1E1D7FE1CBE24EE003BDBB4 /* Assets.xcassets in Resources */,
				D1E1D7FC1CBE24EE003BDBB4 /* Main.storyboard in Resources */,
			);
			runOnlyForDeploymentPostprocessing = 0;
		};
/* End PBXResourcesBuildPhase section */

/* Begin PBXSourcesBuildPhase section */
		D1E1D7EF1CBE24EE003BDBB4 /* Sources */ = {
			isa = PBXSourcesBuildPhase;
			buildActionMask = 2147483647;
			files = (
				D11606C41CBF2C8700C14CE4 /* FontSizesViewController.swift in Sources */,
				D1E1D7F71CBE24EE003BDBB4 /* AppDelegate.swift in Sources */,
				D14D3AEA1CBE9F61009A2512 /* FontListViewController.swift in Sources */,
				D10942BC1CC3D0DE00B3E1EB /* FontInfoViewController.swift in Sources */,
				D1E1D8091CBE2608003BDBB4 /* FavoritesList.swift in Sources */,
				D1E1D80B1CBE35A7003BDBB4 /* RootViewController.swift in Sources */,
			);
			runOnlyForDeploymentPostprocessing = 0;
		};
/* End PBXSourcesBuildPhase section */

/* Begin PBXVariantGroup section */
		D1E1D7FA1CBE24EE003BDBB4 /* Main.storyboard */ = {
			isa = PBXVariantGroup;
			children = (
				D1E1D7FB1CBE24EE003BDBB4 /* Base */,
			);
			name = Main.storyboard;
			sourceTree = "<group>";
		};
		D1E1D7FF1CBE24EE003BDBB4 /* LaunchScreen.storyboard */ = {
			isa = PBXVariantGroup;
			children = (
				D1E1D8001CBE24EE003BDBB4 /* Base */,
			);
			name = LaunchScreen.storyboard;
			sourceTree = "<group>";
		};
/* End PBXVariantGroup section */

/* Begin XCBuildConfiguration section */
		D1E1D8031CBE24EE003BDBB4 /* Debug */ = {
			isa = XCBuildConfiguration;
			buildSettings = {
				ALWAYS_SEARCH_USER_PATHS = NO;
				CLANG_CXX_LANGUAGE_STANDARD = "gnu++0x";
				CLANG_CXX_LIBRARY = "libc++";
				CLANG_ENABLE_MODULES = YES;
				CLANG_ENABLE_OBJC_ARC = YES;
				CLANG_WARN_BOOL_CONVERSION = YES;
				CLANG_WARN_CONSTANT_CONVERSION = YES;
				CLANG_WARN_DIRECT_OBJC_ISA_USAGE = YES_ERROR;
				CLANG_WARN_EMPTY_BODY = YES;
				CLANG_WARN_ENUM_CONVERSION = YES;
				CLANG_WARN_INT_CONVERSION = YES;
				CLANG_WARN_OBJC_ROOT_CLASS = YES_ERROR;
				CLANG_WARN_UNREACHABLE_CODE = YES;
				CLANG_WARN__DUPLICATE_METHOD_MATCH = YES;
				"CODE_SIGN_IDENTITY[sdk=iphoneos*]" = "iPhone Developer";
				COPY_PHASE_STRIP = NO;
				DEBUG_INFORMATION_FORMAT = dwarf;
				ENABLE_STRICT_OBJC_MSGSEND = YES;
				ENABLE_TESTABILITY = YES;
				GCC_C_LANGUAGE_STANDARD = gnu99;
				GCC_DYNAMIC_NO_PIC = NO;
				GCC_NO_COMMON_BLOCKS = YES;
				GCC_OPTIMIZATION_LEVEL = 0;
				GCC_PREPROCESSOR_DEFINITIONS = (
					"DEBUG=1",
					"$(inherited)",
				);
				GCC_WARN_64_TO_32_BIT_CONVERSION = YES;
				GCC_WARN_ABOUT_RETURN_TYPE = YES_ERROR;
				GCC_WARN_UNDECLARED_SELECTOR = YES;
				GCC_WARN_UNINITIALIZED_AUTOS = YES_AGGRESSIVE;
				GCC_WARN_UNUSED_FUNCTION = YES;
				GCC_WARN_UNUSED_VARIABLE = YES;
				IPHONEOS_DEPLOYMENT_TARGET = 9.2;
				MTL_ENABLE_DEBUG_INFO = YES;
				ONLY_ACTIVE_ARCH = YES;
				SDKROOT = iphoneos;
				SWIFT_OPTIMIZATION_LEVEL = "-Onone";
				TARGETED_DEVICE_FAMILY = "1,2";
			};
			name = Debug;
		};
		D1E1D8041CBE24EE003BDBB4 /* Release */ = {
			isa = XCBuildConfiguration;
			buildSettings = {
				ALWAYS_SEARCH_USER_PATHS = NO;
				CLANG_CXX_LANGUAGE_STANDARD = "gnu++0x";
				CLANG_CXX_LIBRARY = "libc++";
				CLANG_ENABLE_MODULES = YES;
				CLANG_ENABLE_OBJC_ARC = YES;
				CLANG_WARN_BOOL_CONVERSION = YES;
				CLANG_WARN_CONSTANT_CONVERSION = YES;
				CLANG_WARN_DIRECT_OBJC_ISA_USAGE = YES_ERROR;
				CLANG_WARN_EMPTY_BODY = YES;
				CLANG_WARN_ENUM_CONVERSION = YES;
				CLANG_WARN_INT_CONVERSION = YES;
				CLANG_WARN_OBJC_ROOT_CLASS = YES_ERROR;
				CLANG_WARN_UNREACHABLE_CODE = YES;
				CLANG_WARN__DUPLICATE_METHOD_MATCH = YES;
				"CODE_SIGN_IDENTITY[sdk=iphoneos*]" = "iPhone Developer";
				COPY_PHASE_STRIP = NO;
				DEBUG_INFORMATION_FORMAT = "dwarf-with-dsym";
				ENABLE_NS_ASSERTIONS = NO;
				ENABLE_STRICT_OBJC_MSGSEND = YES;
				GCC_C_LANGUAGE_STANDARD = gnu99;
				GCC_NO_COMMON_BLOCKS = YES;
				GCC_WARN_64_TO_32_BIT_CONVERSION = YES;
				GCC_WARN_ABOUT_RETURN_TYPE = YES_ERROR;
				GCC_WARN_UNDECLARED_SELECTOR = YES;
				GCC_WARN_UNINITIALIZED_AUTOS = YES_AGGRESSIVE;
				GCC_WARN_UNUSED_FUNCTION = YES;
				GCC_WARN_UNUSED_VARIABLE = YES;
				IPHONEOS_DEPLOYMENT_TARGET = 9.2;
				MTL_ENABLE_DEBUG_INFO = NO;
				SDKROOT = iphoneos;
				TARGETED_DEVICE_FAMILY = "1,2";
				VALIDATE_PRODUCT = YES;
			};
			name = Release;
		};
		D1E1D8061CBE24EE003BDBB4 /* Debug */ = {
			isa = XCBuildConfiguration;
			buildSettings = {
				ASSETCATALOG_COMPILER_APPICON_NAME = AppIcon;
				CODE_SIGN_IDENTITY = "iPhone Developer";
				INFOPLIST_FILE = Fonts/Info.plist;
				LD_RUNPATH_SEARCH_PATHS = "$(inherited) @executable_path/Frameworks";
				PRODUCT_BUNDLE_IDENTIFIER = "com.daichao.-.Fonts";
				PRODUCT_NAME = "$(TARGET_NAME)";
			};
			name = Debug;
		};
		D1E1D8071CBE24EE003BDBB4 /* Release */ = {
			isa = XCBuildConfiguration;
			buildSettings = {
				ASSETCATALOG_COMPILER_APPICON_NAME = AppIcon;
				CODE_SIGN_IDENTITY = "iPhone Developer";
				INFOPLIST_FILE = Fonts/Info.plist;
				LD_RUNPATH_SEARCH_PATHS = "$(inherited) @executable_path/Frameworks";
				PRODUCT_BUNDLE_IDENTIFIER = "com.daichao.-.Fonts";
				PRODUCT_NAME = "$(TARGET_NAME)";
			};
			name = Release;
		};
/* End XCBuildConfiguration section */

/* Begin XCConfigurationList section */
		D1E1D7EE1CBE24EE003BDBB4 /* Build configuration list for PBXProject "Fonts" */ = {
			isa = XCConfigurationList;
			buildConfigurations = (
				D1E1D8031CBE24EE003BDBB4 /* Debug */,
				D1E1D8041CBE24EE003BDBB4 /* Release */,
			);
			defaultConfigurationIsVisible = 0;
			defaultConfigurationName = Release;
		};
		D1E1D8051CBE24EE003BDBB4 /* Build configuration list for PBXNativeTarget "Fonts" */ = {
			isa = XCConfigurationList;
			buildConfigurations = (
				D1E1D8061CBE24EE003BDBB4 /* Debug */,
				D1E1D8071CBE24EE003BDBB4 /* Release */,
			);
			defaultConfigurationIsVisible = 0;
			defaultConfigurationName = Release;
		};
/* End XCConfigurationList section */
	};
	rootObject = D1E1D7EB1CBE24EE003BDBB4 /* Project object */;
}
